
Microsoft Visual Studio Solution File, Format Version 12.00
# Visual Studio Version 17
VisualStudioVersion = 17.6.33829.357
MinimumVisualStudioVersion = 10.0.40219.1
Project("{9A19103F-16F7-4668-BE54-9A1E7A4F7556}") = "1_ORM", "1_ORM\1_ORM.csproj", "{1E31EFC7-5E89-418C-8988-8993F11B1708}"
EndProject
Project("{9A19103F-16F7-4668-BE54-9A1E7A4F7556}") = "2_ORM_vs_SQL", "2_ORM_vs_SQL\2_ORM_vs_SQL.csproj", "{992E5246-CEBE-46FA-90B7-26B3B7D09C2F}"
EndProject
Project("{FAE04EC0-301F-11D3-BF4B-00C04F79EFBC}") = "3_Database_First", "3_Database_First\3_Database_First.csproj", "{ADC29960-3656-4E48-AF34-23A48C4269CB}"
EndProject
Project("{FAE04EC0-301F-11D3-BF4B-00C04F79EFBC}") = "4_Code_First", "4_Code_First\4_Code_First.csproj", "{5752A193-CC6C-44CD-8EB3-58A3C200849E}"
EndProject
Project("{FAE04EC0-301F-11D3-BF4B-00C04F79EFBC}") = "5_Data_Persistence", "5_Data_Persistence\5_Data_Persistence.csproj", "{9FA0A716-AD2E-4BC4-BA49-1787C801344E}"
EndProject
Project("{FAE04EC0-301F-11D3-BF4B-00C04F79EFBC}") = "6_Querying", "6_Querying\6_Querying.csproj", "{E08180ED-AAE3-4BA4-B06C-9DDBC4F16F63}"
EndProject
Project("{FAE04EC0-301F-11D3-BF4B-00C04F79EFBC}") = "Z_Northwind", "Z_Northwind\Z_Northwind.csproj", "{7E8170B4-5FE4-48FC-B05E-E3B6FA018591}"
EndProject
Global
	GlobalSection(SolutionConfigurationPlatforms) = preSolution
		Debug|Any CPU = Debug|Any CPU
		Release|Any CPU = Release|Any CPU
	EndGlobalSection
	GlobalSection(ProjectConfigurationPlatforms) = postSolution
		{1E31EFC7-5E89-418C-8988-8993F11B1708}.Debug|Any CPU.ActiveCfg = Debug|Any CPU
		{1E31EFC7-5E89-418C-8988-8993F11B1708}.Debug|Any CPU.Build.0 = Debug|Any CPU
		{1E31EFC7-5E89-418C-8988-8993F11B1708}.Release|Any CPU.ActiveCfg = Release|Any CPU
		{1E31EFC7-5E89-418C-8988-8993F11B1708}.Release|Any CPU.Build.0 = Release|Any CPU
		{992E5246-CEBE-46FA-90B7-26B3B7D09C2F}.Debug|Any CPU.ActiveCfg = Debug|Any CPU
		{992E5246-CEBE-46FA-90B7-26B3B7D09C2F}.Debug|Any CPU.Build.0 = Debug|Any CPU
		{992E5246-CEBE-46FA-90B7-26B3B7D09C2F}.Release|Any CPU.ActiveCfg = Release|Any CPU
		{992E5246-CEBE-46FA-90B7-26B3B7D09C2F}.Release|Any CPU.Build.0 = Release|Any CPU
		{ADC29960-3656-4E48-AF34-23A48C4269CB}.Debug|Any CPU.ActiveCfg = Debug|Any CPU
		{ADC29960-3656-4E48-AF34-23A48C4269CB}.Debug|Any CPU.Build.0 = Debug|Any CPU
		{ADC29960-3656-4E48-AF34-23A48C4269CB}.Release|Any CPU.ActiveCfg = Release|Any CPU
		{ADC29960-3656-4E48-AF34-23A48C4269CB}.Release|Any CPU.Build.0 = Release|Any CPU
		{5752A193-CC6C-44CD-8EB3-58A3C200849E}.Debug|Any CPU.ActiveCfg = Debug|Any CPU
		{5752A193-CC6C-44CD-8EB3-58A3C200849E}.Debug|Any CPU.Build.0 = Debug|Any CPU
		{5752A193-CC6C-44CD-8EB3-58A3C200849E}.Release|Any CPU.ActiveCfg = Release|Any CPU
		{5752A193-CC6C-44CD-8EB3-58A3C200849E}.Release|Any CPU.Build.0 = Release|Any CPU
		{9FA0A716-AD2E-4BC4-BA49-1787C801344E}.Debug|Any CPU.ActiveCfg = Debug|Any CPU
		{9FA0A716-AD2E-4BC4-BA49-1787C801344E}.Debug|Any CPU.Build.0 = Debug|Any CPU
		{9FA0A716-AD2E-4BC4-BA49-1787C801344E}.Release|Any CPU.ActiveCfg = Release|Any CPU
		{9FA0A716-AD2E-4BC4-BA49-1787C801344E}.Release|Any CPU.Build.0 = Release|Any CPU
		{E08180ED-AAE3-4BA4-B06C-9DDBC4F16F63}.Debug|Any CPU.ActiveCfg = Debug|Any CPU
		{E08180ED-AAE3-4BA4-B06C-9DDBC4F16F63}.Debug|Any CPU.Build.0 = Debug|Any CPU
		{E08180ED-AAE3-4BA4-B06C-9DDBC4F16F63}.Release|Any CPU.ActiveCfg = Release|Any CPU
		{E08180ED-AAE3-4BA4-B06C-9DDBC4F16F63}.Release|Any CPU.Build.0 = Release|Any CPU
		{7E8170B4-5FE4-48FC-B05E-E3B6FA018591}.Debug|Any CPU.ActiveCfg = Debug|Any CPU
		{7E8170B4-5FE4-48FC-B05E-E3B6FA018591}.Debug|Any CPU.Build.0 = Debug|Any CPU
		{7E8170B4-5FE4-48FC-B05E-E3B6FA018591}.Release|Any CPU.ActiveCfg = Release|Any CPU
		{7E8170B4-5FE4-48FC-B05E-E3B6FA018591}.Release|Any CPU.Build.0 = Release|Any CPU
	EndGlobalSection
	GlobalSection(SolutionProperties) = preSolution
		HideSolutionNode = FALSE
	EndGlobalSection
	GlobalSection(ExtensibilityGlobals) = postSolution
		SolutionGuid = {89AEE85F-3C93-4E95-9BCB-35C69A558DCA}
	EndGlobalSection
EndGlobal
